// !$*UTF8*$!
{
	archiveVersion = 1;
	classes = {
	};
	objectVersion = 46;
	objects = {

/* Begin PBXBuildFile section */
		7B09B3441ED558B300631822 /* main.m in Sources */ = {isa = PBXBuildFile; fileRef = 7B09B3431ED558B300631822 /* main.m */; };
		7B09B3471ED558B300631822 /* AppDelegate.m in Sources */ = {isa = PBXBuildFile; fileRef = 7B09B3461ED558B300631822 /* AppDelegate.m */; };
		7B09B34A1ED558B300631822 /* ViewController.m in Sources */ = {isa = PBXBuildFile; fileRef = 7B09B3491ED558B300631822 /* ViewController.m */; };
		7B09B34D1ED558B300631822 /* Main.storyboard in Resources */ = {isa = PBXBuildFile; fileRef = 7B09B34B1ED558B300631822 /* Main.storyboard */; };
		7B09B3501ED558B300631822 /* Vinayaka.xcdatamodeld in Sources */ = {isa = PBXBuildFile; fileRef = 7B09B34E1ED558B300631822 /* Vinayaka.xcdatamodeld */; };
		7B09B3521ED558B300631822 /* Assets.xcassets in Resources */ = {isa = PBXBuildFile; fileRef = 7B09B3511ED558B300631822 /* Assets.xcassets */; };
		7B09B3551ED558B300631822 /* LaunchScreen.storyboard in Resources */ = {isa = PBXBuildFile; fileRef = 7B09B3531ED558B300631822 /* LaunchScreen.storyboard */; };
		7B09B3601ED558B300631822 /* VinayakaTests.m in Sources */ = {isa = PBXBuildFile; fileRef = 7B09B35F1ED558B300631822 /* VinayakaTests.m */; };
		7B09B36B1ED558B300631822 /* VinayakaUITests.m in Sources */ = {isa = PBXBuildFile; fileRef = 7B09B36A1ED558B300631822 /* VinayakaUITests.m */; };
		7B09B37B1ED56E4200631822 /* SignUpViewController.m in Sources */ = {isa = PBXBuildFile; fileRef = 7B09B37A1ED56E4200631822 /* SignUpViewController.m */; };
		7B09B37F1ED56EA100631822 /* UsersListViewController.m in Sources */ = {isa = PBXBuildFile; fileRef = 7B09B37E1ED56EA100631822 /* UsersListViewController.m */; };
		7B09B3831ED56EF200631822 /* UsersDetailsViewController.m in Sources */ = {isa = PBXBuildFile; fileRef = 7B09B3821ED56EF200631822 /* UsersDetailsViewController.m */; };
		7B09B3871ED5713400631822 /* SimpleTableCell.m in Sources */ = {isa = PBXBuildFile; fileRef = 7B09B3861ED5713400631822 /* SimpleTableCell.m */; };
		7B09B38D1ED57B8700631822 /* Users+CoreDataClass.m in Sources */ = {isa = PBXBuildFile; fileRef = 7B09B38A1ED57B8700631822 /* Users+CoreDataClass.m */; };
		7B09B38E1ED57B8700631822 /* Users+CoreDataProperties.m in Sources */ = {isa = PBXBuildFile; fileRef = 7B09B38C1ED57B8700631822 /* Users+CoreDataProperties.m */; };
/* End PBXBuildFile section */

/* Begin PBXContainerItemProxy section */
		7B09B35C1ED558B300631822 /* PBXContainerItemProxy */ = {
			isa = PBXContainerItemProxy;
			containerPortal = 7B09B3371ED558B300631822 /* Project object */;
			proxyType = 1;
			remoteGlobalIDString = 7B09B33E1ED558B300631822;
			remoteInfo = Vinayaka;
		};
		7B09B3671ED558B300631822 /* PBXContainerItemProxy */ = {
			isa = PBXContainerItemProxy;
			containerPortal = 7B09B3371ED558B300631822 /* Project object */;
			proxyType = 1;
			remoteGlobalIDString = 7B09B33E1ED558B300631822;
			remoteInfo = Vinayaka;
		};
/* End PBXContainerItemProxy section */

/* Begin PBXFileReference section */
		7B09B33F1ED558B300631822 /* Vinayaka.app */ = {isa = PBXFileReference; explicitFileType = wrapper.application; includeInIndex = 0; path = Vinayaka.app; sourceTree = BUILT_PRODUCTS_DIR; };
		7B09B3431ED558B300631822 /* main.m */ = {isa = PBXFileReference; lastKnownFileType = sourcecode.c.objc; path = main.m; sourceTree = "<group>"; };
		7B09B3451ED558B300631822 /* AppDelegate.h */ = {isa = PBXFileReference; lastKnownFileType = sourcecode.c.h; path = AppDelegate.h; sourceTree = "<group>"; };
		7B09B3461ED558B300631822 /* AppDelegate.m */ = {isa = PBXFileReference; lastKnownFileType = sourcecode.c.objc; path = AppDelegate.m; sourceTree = "<group>"; };
		7B09B3481ED558B300631822 /* ViewController.h */ = {isa = PBXFileReference; lastKnownFileType = sourcecode.c.h; path = ViewController.h; sourceTree = "<group>"; };
		7B09B3491ED558B300631822 /* ViewController.m */ = {isa = PBXFileReference; lastKnownFileType = sourcecode.c.objc; path = ViewController.m; sourceTree = "<group>"; };
		7B09B34C1ED558B300631822 /* Base */ = {isa = PBXFileReference; lastKnownFileType = file.storyboard; name = Base; path = Base.lproj/Main.storyboard; sourceTree = "<group>"; };
		7B09B34F1ED558B300631822 /* Vinayaka.xcdatamodel */ = {isa = PBXFileReference; lastKnownFileType = wrapper.xcdatamodel; path = Vinayaka.xcdatamodel; sourceTree = "<group>"; };
		7B09B3511ED558B300631822 /* Assets.xcassets */ = {isa = PBXFileReference; lastKnownFileType = folder.assetcatalog; path = Assets.xcassets; sourceTree = "<group>"; };
		7B09B3541ED558B300631822 /* Base */ = {isa = PBXFileReference; lastKnownFileType = file.storyboard; name = Base; path = Base.lproj/LaunchScreen.storyboard; sourceTree = "<group>"; };
		7B09B3561ED558B300631822 /* Info.plist */ = {isa = PBXFileReference; lastKnownFileType = text.plist.xml; path = Info.plist; sourceTree = "<group>"; };
		7B09B35B1ED558B300631822 /* VinayakaTests.xctest */ = {isa = PBXFileReference; explicitFileType = wrapper.cfbundle; includeInIndex = 0; path = VinayakaTests.xctest; sourceTree = BUILT_PRODUCTS_DIR; };
		7B09B35F1ED558B300631822 /* VinayakaTests.m */ = {isa = PBXFileReference; lastKnownFileType = sourcecode.c.objc; path = VinayakaTests.m; sourceTree = "<group>"; };
		7B09B3611ED558B300631822 /* Info.plist */ = {isa = PBXFileReference; lastKnownFileType = text.plist.xml; path = Info.plist; sourceTree = "<group>"; };
		7B09B3661ED558B300631822 /* VinayakaUITests.xctest */ = {isa = PBXFileReference; explicitFileType = wrapper.cfbundle; includeInIndex = 0; path = VinayakaUITests.xctest; sourceTree = BUILT_PRODUCTS_DIR; };
		7B09B36A1ED558B300631822 /* VinayakaUITests.m */ = {isa = PBXFileReference; lastKnownFileType = sourcecode.c.objc; path = VinayakaUITests.m; sourceTree = "<group>"; };
		7B09B36C1ED558B300631822 /* Info.plist */ = {isa = PBXFileReference; lastKnownFileType = text.plist.xml; path = Info.plist; sourceTree = "<group>"; };
		7B09B3791ED56E4200631822 /* SignUpViewController.h */ = {isa = PBXFileReference; fileEncoding = 4; lastKnownFileType = sourcecode.c.h; path = SignUpViewController.h; sourceTree = "<group>"; };
		7B09B37A1ED56E4200631822 /* SignUpViewController.m */ = {isa = PBXFileReference; fileEncoding = 4; lastKnownFileType = sourcecode.c.objc; path = SignUpViewController.m; sourceTree = "<group>"; };
		7B09B37D1ED56EA100631822 /* UsersListViewController.h */ = {isa = PBXFileReference; fileEncoding = 4; lastKnownFileType = sourcecode.c.h; path = UsersListViewController.h; sourceTree = "<group>"; };
		7B09B37E1ED56EA100631822 /* UsersListViewController.m */ = {isa = PBXFileReference; fileEncoding = 4; lastKnownFileType = sourcecode.c.objc; path = UsersListViewController.m; sourceTree = "<group>"; };
		7B09B3811ED56EF200631822 /* UsersDetailsViewController.h */ = {isa = PBXFileReference; fileEncoding = 4; lastKnownFileType = sourcecode.c.h; path = UsersDetailsViewController.h; sourceTree = "<group>"; };
		7B09B3821ED56EF200631822 /* UsersDetailsViewController.m */ = {isa = PBXFileReference; fileEncoding = 4; lastKnownFileType = sourcecode.c.objc; path = UsersDetailsViewController.m; sourceTree = "<group>"; };
		7B09B3851ED5713400631822 /* SimpleTableCell.h */ = {isa = PBXFileReference; fileEncoding = 4; lastKnownFileType = sourcecode.c.h; path = SimpleTableCell.h; sourceTree = "<group>"; };
		7B09B3861ED5713400631822 /* SimpleTableCell.m */ = {isa = PBXFileReference; fileEncoding = 4; lastKnownFileType = sourcecode.c.objc; path = SimpleTableCell.m; sourceTree = "<group>"; };
		7B09B3891ED57B8700631822 /* Users+CoreDataClass.h */ = {isa = PBXFileReference; fileEncoding = 4; lastKnownFileType = sourcecode.c.h; path = "Users+CoreDataClass.h"; sourceTree = "<group>"; };
		7B09B38A1ED57B8700631822 /* Users+CoreDataClass.m */ = {isa = PBXFileReference; fileEncoding = 4; lastKnownFileType = sourcecode.c.objc; path = "Users+CoreDataClass.m"; sourceTree = "<group>"; };
		7B09B38B1ED57B8700631822 /* Users+CoreDataProperties.h */ = {isa = PBXFileReference; fileEncoding = 4; lastKnownFileType = sourcecode.c.h; path = "Users+CoreDataProperties.h"; sourceTree = "<group>"; };
		7B09B38C1ED57B8700631822 /* Users+CoreDataProperties.m */ = {isa = PBXFileReference; fileEncoding = 4; lastKnownFileType = sourcecode.c.objc; path = "Users+CoreDataProperties.m"; sourceTree = "<group>"; };
/* End PBXFileReference section */

/* Begin PBXFrameworksBuildPhase section */
		7B09B33C1ED558B300631822 /* Frameworks */ = {
			isa = PBXFrameworksBuildPhase;
			buildActionMask = 2147483647;
			files = (
			);
			runOnlyForDeploymentPostprocessing = 0;
		};
		7B09B3581ED558B300631822 /* Frameworks */ = {
			isa = PBXFrameworksBuildPhase;
			buildActionMask = 2147483647;
			files = (
			);
			runOnlyForDeploymentPostprocessing = 0;
		};
		7B09B3631ED558B300631822 /* Frameworks */ = {
			isa = PBXFrameworksBuildPhase;
			buildActionMask = 2147483647;
			files = (
			);
			runOnlyForDeploymentPostprocessing = 0;
		};
/* End PBXFrameworksBuildPhase section */

/* Begin PBXGroup section */
		7B09B3361ED558B300631822 = {
			isa = PBXGroup;
			children = (
				7B09B3891ED57B8700631822 /* Users+CoreDataClass.h */,
				7B09B38A1ED57B8700631822 /* Users+CoreDataClass.m */,
				7B09B38B1ED57B8700631822 /* Users+CoreDataProperties.h */,
				7B09B38C1ED57B8700631822 /* Users+CoreDataProperties.m */,
				7B09B3411ED558B300631822 /* Vinayaka */,
				7B09B35E1ED558B300631822 /* VinayakaTests */,
				7B09B3691ED558B300631822 /* VinayakaUITests */,
				7B09B3401ED558B300631822 /* Products */,
			);
			sourceTree = "<group>";
		};
		7B09B3401ED558B300631822 /* Products */ = {
			isa = PBXGroup;
			children = (
				7B09B33F1ED558B300631822 /* Vinayaka.app */,
				7B09B35B1ED558B300631822 /* VinayakaTests.xctest */,
				7B09B3661ED558B300631822 /* VinayakaUITests.xctest */,
			);
			name = Products;
			sourceTree = "<group>";
		};
		7B09B3411ED558B300631822 /* Vinayaka */ = {
			isa = PBXGroup;
			children = (
				7B09B3451ED558B300631822 /* AppDelegate.h */,
				7B09B3461ED558B300631822 /* AppDelegate.m */,
				7B09B3841ED56F0800631822 /* UsersDetailsViewControllers */,
				7B09B3781ED56DF400631822 /* LoginViewControllers */,
				7B09B34B1ED558B300631822 /* Main.storyboard */,
				7B09B3881ED5714600631822 /* SimpleTableCell */,
				7B09B3801ED56EB300631822 /* UsersListViewControllers */,
				7B09B37C1ED56E4E00631822 /* SignUpViewControllers */,
				7B09B3511ED558B300631822 /* Assets.xcassets */,
				7B09B3531ED558B300631822 /* LaunchScreen.storyboard */,
				7B09B3561ED558B300631822 /* Info.plist */,
				7B09B34E1ED558B300631822 /* Vinayaka.xcdatamodeld */,
				7B09B3421ED558B300631822 /* Supporting Files */,
			);
			path = Vinayaka;
			sourceTree = "<group>";
		};
		7B09B3421ED558B300631822 /* Supporting Files */ = {
			isa = PBXGroup;
			children = (
				7B09B3431ED558B300631822 /* main.m */,
			);
			name = "Supporting Files";
			sourceTree = "<group>";
		};
		7B09B35E1ED558B300631822 /* VinayakaTests */ = {
			isa = PBXGroup;
			children = (
				7B09B35F1ED558B300631822 /* VinayakaTests.m */,
				7B09B3611ED558B300631822 /* Info.plist */,
			);
			path = VinayakaTests;
			sourceTree = "<group>";
		};
		7B09B3691ED558B300631822 /* VinayakaUITests */ = {
			isa = PBXGroup;
			children = (
				7B09B36A1ED558B300631822 /* VinayakaUITests.m */,
				7B09B36C1ED558B300631822 /* Info.plist */,
			);
			path = VinayakaUITests;
			sourceTree = "<group>";
		};
		7B09B3781ED56DF400631822 /* LoginViewControllers */ = {
			isa = PBXGroup;
			children = (
				7B09B3481ED558B300631822 /* ViewController.h */,
				7B09B3491ED558B300631822 /* ViewController.m */,
			);
			name = LoginViewControllers;
			sourceTree = "<group>";
		};
		7B09B37C1ED56E4E00631822 /* SignUpViewControllers */ = {
			isa = PBXGroup;
			children = (
				7B09B3791ED56E4200631822 /* SignUpViewController.h */,
				7B09B37A1ED56E4200631822 /* SignUpViewController.m */,
			);
			name = SignUpViewControllers;
			sourceTree = "<group>";
		};
		7B09B3801ED56EB300631822 /* UsersListViewControllers */ = {
			isa = PBXGroup;
			children = (
				7B09B37D1ED56EA100631822 /* UsersListViewController.h */,
				7B09B37E1ED56EA100631822 /* UsersListViewController.m */,
			);
			name = UsersListViewControllers;
			sourceTree = "<group>";
		};
		7B09B3841ED56F0800631822 /* UsersDetailsViewControllers */ = {
			isa = PBXGroup;
			children = (
				7B09B3811ED56EF200631822 /* UsersDetailsViewController.h */,
				7B09B3821ED56EF200631822 /* UsersDetailsViewController.m */,
			);
			name = UsersDetailsViewControllers;
			path = ..;
			sourceTree = "<group>";
		};
		7B09B3881ED5714600631822 /* SimpleTableCell */ = {
			isa = PBXGroup;
			children = (
				7B09B3851ED5713400631822 /* SimpleTableCell.h */,
				7B09B3861ED5713400631822 /* SimpleTableCell.m */,
			);
			name = SimpleTableCell;
			sourceTree = "<group>";
		};
/* End PBXGroup section */

/* Begin PBXNativeTarget section */
		7B09B33E1ED558B300631822 /* Vinayaka */ = {
			isa = PBXNativeTarget;
			buildConfigurationList = 7B09B36F1ED558B400631822 /* Build configuration list for PBXNativeTarget "Vinayaka" */;
			buildPhases = (
				7B09B33B1ED558B300631822 /* Sources */,
				7B09B33C1ED558B300631822 /* Frameworks */,
				7B09B33D1ED558B300631822 /* Resources */,
			);
			buildRules = (
			);
			dependencies = (
			);
			name = Vinayaka;
			productName = Vinayaka;
			productReference = 7B09B33F1ED558B300631822 /* Vinayaka.app */;
			productType = "com.apple.product-type.application";
		};
		7B09B35A1ED558B300631822 /* VinayakaTests */ = {
			isa = PBXNativeTarget;
			buildConfigurationList = 7B09B3721ED558B400631822 /* Build configuration list for PBXNativeTarget "VinayakaTests" */;
			buildPhases = (
				7B09B3571ED558B300631822 /* Sources */,
				7B09B3581ED558B300631822 /* Frameworks */,
				7B09B3591ED558B300631822 /* Resources */,
			);
			buildRules = (
			);
			dependencies = (
				7B09B35D1ED558B300631822 /* PBXTargetDependency */,
			);
			name = VinayakaTests;
			productName = VinayakaTests;
			productReference = 7B09B35B1ED558B300631822 /* VinayakaTests.xctest */;
			productType = "com.apple.product-type.bundle.unit-test";
		};
		7B09B3651ED558B300631822 /* VinayakaUITests */ = {
			isa = PBXNativeTarget;
			buildConfigurationList = 7B09B3751ED558B400631822 /* Build configuration list for PBXNativeTarget "VinayakaUITests" */;
			buildPhases = (
				7B09B3621ED558B300631822 /* Sources */,
				7B09B3631ED558B300631822 /* Frameworks */,
				7B09B3641ED558B300631822 /* Resources */,
			);
			buildRules = (
			);
			dependencies = (
				7B09B3681ED558B300631822 /* PBXTargetDependency */,
			);
			name = VinayakaUITests;
			productName = VinayakaUITests;
			productReference = 7B09B3661ED558B300631822 /* VinayakaUITests.xctest */;
			productType = "com.apple.product-type.bundle.ui-testing";
		};
/* End PBXNativeTarget section */

/* Begin PBXProject section */
		7B09B3371ED558B300631822 /* Project object */ = {
			isa = PBXProject;
			attributes = {
				LastUpgradeCheck = 0820;
				ORGANIZATIONNAME = NAGARJUNA;
				TargetAttributes = {
					7B09B33E1ED558B300631822 = {
						CreatedOnToolsVersion = 8.2.1;
						DevelopmentTeam = JK4Q4729VJ;
						ProvisioningStyle = Automatic;
					};
					7B09B35A1ED558B300631822 = {
						CreatedOnToolsVersion = 8.2.1;
						DevelopmentTeam = JK4Q4729VJ;
						ProvisioningStyle = Automatic;
						TestTargetID = 7B09B33E1ED558B300631822;
					};
					7B09B3651ED558B300631822 = {
						CreatedOnToolsVersion = 8.2.1;
						DevelopmentTeam = JK4Q4729VJ;
						ProvisioningStyle = Automatic;
						TestTargetID = 7B09B33E1ED558B300631822;
					};
				};
			};
			buildConfigurationList = 7B09B33A1ED558B300631822 /* Build configuration list for PBXProject "Vinayaka" */;
			compatibilityVersion = "Xcode 3.2";
			developmentRegion = English;
			hasScannedForEncodings = 0;
			knownRegions = (
				en,
				Base,
			);
			mainGroup = 7B09B3361ED558B300631822;
			productRefGroup = 7B09B3401ED558B300631822 /* Products */;
			projectDirPath = "";
			projectRoot = "";
			targets = (
				7B09B33E1ED558B300631822 /* Vinayaka */,
				7B09B35A1ED558B300631822 /* VinayakaTests */,
				7B09B3651ED558B300631822 /* VinayakaUITests */,
			);
		};
/* End PBXProject section */

/* Begin PBXResourcesBuildPhase section */
		7B09B33D1ED558B300631822 /* Resources */ = {
			isa = PBXResourcesBuildPhase;
			buildActionMask = 2147483647;
			files = (
				7B09B3551ED558B300631822 /* LaunchScreen.storyboard in Resources */,
				7B09B3521ED558B300631822 /* Assets.xcassets in Resources */,
				7B09B34D1ED558B300631822 /* Main.storyboard in Resources */,
			);
			runOnlyForDeploymentPostprocessing = 0;
		};
		7B09B3591ED558B300631822 /* Resources */ = {
			isa = PBXResourcesBuildPhase;
			buildActionMask = 2147483647;
			files = (
			);
			runOnlyForDeploymentPostprocessing = 0;
		};
		7B09B3641ED558B300631822 /* Resources */ = {
			isa = PBXResourcesBuildPhase;
			buildActionMask = 2147483647;
			files = (
			);
			runOnlyForDeploymentPostprocessing = 0;
		};
/* End PBXResourcesBuildPhase section */

/* Begin PBXSourcesBuildPhase section */
		7B09B33B1ED558B300631822 /* Sources */ = {
			isa = PBXSourcesBuildPhase;
			buildActionMask = 2147483647;
			files = (
				7B09B34A1ED558B300631822 /* ViewController.m in Sources */,
				7B09B37B1ED56E4200631822 /* SignUpViewController.m in Sources */,
				7B09B38D1ED57B8700631822 /* Users+CoreDataClass.m in Sources */,
				7B09B3501ED558B300631822 /* Vinayaka.xcdatamodeld in Sources */,
				7B09B38E1ED57B8700631822 /* Users+CoreDataProperties.m in Sources */,
				7B09B3471ED558B300631822 /* AppDelegate.m in Sources */,
				7B09B3441ED558B300631822 /* main.m in Sources */,
				7B09B37F1ED56EA100631822 /* UsersListViewController.m in Sources */,
				7B09B3871ED5713400631822 /* SimpleTableCell.m in Sources */,
				7B09B3831ED56EF200631822 /* UsersDetailsViewController.m in Sources */,
			);
			runOnlyForDeploymentPostprocessing = 0;
		};
		7B09B3571ED558B300631822 /* Sources */ = {
			isa = PBXSourcesBuildPhase;
			buildActionMask = 2147483647;
			files = (
				7B09B3601ED558B300631822 /* VinayakaTests.m in Sources */,
			);
			runOnlyForDeploymentPostprocessing = 0;
		};
		7B09B3621ED558B300631822 /* Sources */ = {
			isa = PBXSourcesBuildPhase;
			buildActionMask = 2147483647;
			files = (
				7B09B36B1ED558B300631822 /* VinayakaUITests.m in Sources */,
			);
			runOnlyForDeploymentPostprocessing = 0;
		};
/* End PBXSourcesBuildPhase section */

/* Begin PBXTargetDependency section */
		7B09B35D1ED558B300631822 /* PBXTargetDependency */ = {
			isa = PBXTargetDependency;
			target = 7B09B33E1ED558B300631822 /* Vinayaka */;
			targetProxy = 7B09B35C1ED558B300631822 /* PBXContainerItemProxy */;
		};
		7B09B3681ED558B300631822 /* PBXTargetDependency */ = {
			isa = PBXTargetDependency;
			target = 7B09B33E1ED558B300631822 /* Vinayaka */;
			targetProxy = 7B09B3671ED558B300631822 /* PBXContainerItemProxy */;
		};
/* End PBXTargetDependency section */

/* Begin PBXVariantGroup section */
		7B09B34B1ED558B300631822 /* Main.storyboard */ = {
			isa = PBXVariantGroup;
			children = (
				7B09B34C1ED558B300631822 /* Base */,
			);
			name = Main.storyboard;
			sourceTree = "<group>";
		};
		7B09B3531ED558B300631822 /* LaunchScreen.storyboard */ = {
			isa = PBXVariantGroup;
			children = (
				7B09B3541ED558B300631822 /* Base */,
			);
			name = LaunchScreen.storyboard;
			sourceTree = "<group>";
		};
/* End PBXVariantGroup section */

/* Begin XCBuildConfiguration section */
		7B09B36D1ED558B300631822 /* Debug */ = {
			isa = XCBuildConfiguration;
			buildSettings = {
				ALWAYS_SEARCH_USER_PATHS = NO;
				CLANG_ANALYZER_NONNULL = YES;
				CLANG_CXX_LANGUAGE_STANDARD = "gnu++0x";
				CLANG_CXX_LIBRARY = "libc++";
				CLANG_ENABLE_MODULES = YES;
				CLANG_ENABLE_OBJC_ARC = YES;
				CLANG_WARN_BOOL_CONVERSION = YES;
				CLANG_WARN_CONSTANT_CONVERSION = YES;
				CLANG_WARN_DIRECT_OBJC_ISA_USAGE = YES_ERROR;
				CLANG_WARN_DOCUMENTATION_COMMENTS = YES;
				CLANG_WARN_EMPTY_BODY = YES;
				CLANG_WARN_ENUM_CONVERSION = YES;
				CLANG_WARN_INFINITE_RECURSION = YES;
				CLANG_WARN_INT_CONVERSION = YES;
				CLANG_WARN_OBJC_ROOT_CLASS = YES_ERROR;
				CLANG_WARN_SUSPICIOUS_MOVE = YES;
				CLANG_WARN_UNREACHABLE_CODE = YES;
				CLANG_WARN__DUPLICATE_METHOD_MATCH = YES;
				"CODE_SIGN_IDENTITY[sdk=iphoneos*]" = "iPhone Developer";
				COPY_PHASE_STRIP = NO;
				DEBUG_INFORMATION_FORMAT = dwarf;
				ENABLE_STRICT_OBJC_MSGSEND = YES;
				ENABLE_TESTABILITY = YES;
				GCC_C_LANGUAGE_STANDARD = gnu99;
				GCC_DYNAMIC_NO_PIC = NO;
				GCC_NO_COMMON_BLOCKS = YES;
				GCC_OPTIMIZATION_LEVEL = 0;
				GCC_PREPROCESSOR_DEFINITIONS = (
					"DEBUG=1",
					"$(inherited)",
				);
				GCC_WARN_64_TO_32_BIT_CONVERSION = YES;
				GCC_WARN_ABOUT_RETURN_TYPE = YES_ERROR;
				GCC_WARN_UNDECLARED_SELECTOR = YES;
				GCC_WARN_UNINITIALIZED_AUTOS = YES_AGGRESSIVE;
				GCC_WARN_UNUSED_FUNCTION = YES;
				GCC_WARN_UNUSED_VARIABLE = YES;
				IPHONEOS_DEPLOYMENT_TARGET = 10.2;
				MTL_ENABLE_DEBUG_INFO = YES;
				ONLY_ACTIVE_ARCH = YES;
				SDKROOT = iphoneos;
			};
			name = Debug;
		};
		7B09B36E1ED558B300631822 /* Release */ = {
			isa = XCBuildConfiguration;
			buildSettings = {
				ALWAYS_SEARCH_USER_PATHS = NO;
				CLANG_ANALYZER_NONNULL = YES;
				CLANG_CXX_LANGUAGE_STANDARD = "gnu++0x";
				CLANG_CXX_LIBRARY = "libc++";
				CLANG_ENABLE_MODULES = YES;
				CLANG_ENABLE_OBJC_ARC = YES;
				CLANG_WARN_BOOL_CONVERSION = YES;
				CLANG_WARN_CONSTANT_CONVERSION = YES;
				CLANG_WARN_DIRECT_OBJC_ISA_USAGE = YES_ERROR;
				CLANG_WARN_DOCUMENTATION_COMMENTS = YES;
				CLANG_WARN_EMPTY_BODY = YES;
				CLANG_WARN_ENUM_CONVERSION = YES;
				CLANG_WARN_INFINITE_RECURSION = YES;
				CLANG_WARN_INT_CONVERSION = YES;
				CLANG_WARN_OBJC_ROOT_CLASS = YES_ERROR;
				CLANG_WARN_SUSPICIOUS_MOVE = YES;
				CLANG_WARN_UNREACHABLE_CODE = YES;
				CLANG_WARN__DUPLICATE_METHOD_MATCH = YES;
				"CODE_SIGN_IDENTITY[sdk=iphoneos*]" = "iPhone Developer";
				COPY_PHASE_STRIP = NO;
				DEBUG_INFORMATION_FORMAT = "dwarf-with-dsym";
				ENABLE_NS_ASSERTIONS = NO;
				ENABLE_STRICT_OBJC_MSGSEND = YES;
				GCC_C_LANGUAGE_STANDARD = gnu99;
				GCC_NO_COMMON_BLOCKS = YES;
				GCC_WARN_64_TO_32_BIT_CONVERSION = YES;
				GCC_WARN_ABOUT_RETURN_TYPE = YES_ERROR;
				GCC_WARN_UNDECLARED_SELECTOR = YES;
				GCC_WARN_UNINITIALIZED_AUTOS = YES_AGGRESSIVE;
				GCC_WARN_UNUSED_FUNCTION = YES;
				GCC_WARN_UNUSED_VARIABLE = YES;
				IPHONEOS_DEPLOYMENT_TARGET = 10.2;
				MTL_ENABLE_DEBUG_INFO = NO;
				SDKROOT = iphoneos;
				VALIDATE_PRODUCT = YES;
			};
			name = Release;
		};
		7B09B3701ED558B400631822 /* Debug */ = {
			isa = XCBuildConfiguration;
			buildSettings = {
				ASSETCATALOG_COMPILER_APPICON_NAME = AppIcon;
				DEVELOPMENT_TEAM = JK4Q4729VJ;
				INFOPLIST_FILE = Vinayaka/Info.plist;
				LD_RUNPATH_SEARCH_PATHS = "$(inherited) @executable_path/Frameworks";
				PRODUCT_BUNDLE_IDENTIFIER = MyApplication.Vinayaka;
				PRODUCT_NAME = "$(TARGET_NAME)";
			};
			name = Debug;
		};
		7B09B3711ED558B400631822 /* Release */ = {
			isa = XCBuildConfiguration;
			buildSettings = {
				ASSETCATALOG_COMPILER_APPICON_NAME = AppIcon;
				DEVELOPMENT_TEAM = JK4Q4729VJ;
				INFOPLIST_FILE = Vinayaka/Info.plist;
				LD_RUNPATH_SEARCH_PATHS = "$(inherited) @executable_path/Frameworks";
				PRODUCT_BUNDLE_IDENTIFIER = MyApplication.Vinayaka;
				PRODUCT_NAME = "$(TARGET_NAME)";
			};
			name = Release;
		};
		7B09B3731ED558B400631822 /* Debug */ = {
			isa = XCBuildConfiguration;
			buildSettings = {
				BUNDLE_LOADER = "$(TEST_HOST)";
				DEVELOPMENT_TEAM = JK4Q4729VJ;
				INFOPLIST_FILE = VinayakaTests/Info.plist;
				LD_RUNPATH_SEARCH_PATHS = "$(inherited) @executable_path/Frameworks @loader_path/Frameworks";
				PRODUCT_BUNDLE_IDENTIFIER = MyApplication.VinayakaTests;
				PRODUCT_NAME = "$(TARGET_NAME)";
				TEST_HOST = "$(BUILT_PRODUCTS_DIR)/Vinayaka.app/Vinayaka";
			};
			name = Debug;
		};
		7B09B3741ED558B400631822 /* Release */ = {
			isa = XCBuildConfiguration;
			buildSettings = {
				BUNDLE_LOADER = "$(TEST_HOST)";
				DEVELOPMENT_TEAM = JK4Q4729VJ;
				INFOPLIST_FILE = VinayakaTests/Info.plist;
				LD_RUNPATH_SEARCH_PATHS = "$(inherited) @executable_path/Frameworks @loader_path/Frameworks";
				PRODUCT_BUNDLE_IDENTIFIER = MyApplication.VinayakaTests;
				PRODUCT_NAME = "$(TARGET_NAME)";
				TEST_HOST = "$(BUILT_PRODUCTS_DIR)/Vinayaka.app/Vinayaka";
			};
			name = Release;
		};
		7B09B3761ED558B400631822 /* Debug */ = {
			isa = XCBuildConfiguration;
			buildSettings = {
				DEVELOPMENT_TEAM = JK4Q4729VJ;
				INFOPLIST_FILE = VinayakaUITests/Info.plist;
				LD_RUNPATH_SEARCH_PATHS = "$(inherited) @executable_path/Frameworks @loader_path/Frameworks";
				PRODUCT_BUNDLE_IDENTIFIER = MyApplication.VinayakaUITests;
				PRODUCT_NAME = "$(TARGET_NAME)";
				TEST_TARGET_NAME = Vinayaka;
			};
			name = Debug;
		};
		7B09B3771ED558B400631822 /* Release */ = {
			isa = XCBuildConfiguration;
			buildSettings = {
				DEVELOPMENT_TEAM = JK4Q4729VJ;
				INFOPLIST_FILE = VinayakaUITests/Info.plist;
				LD_RUNPATH_SEARCH_PATHS = "$(inherited) @executable_path/Frameworks @loader_path/Frameworks";
				PRODUCT_BUNDLE_IDENTIFIER = MyApplication.VinayakaUITests;
				PRODUCT_NAME = "$(TARGET_NAME)";
				TEST_TARGET_NAME = Vinayaka;
			};
			name = Release;
		};
/* End XCBuildConfiguration section */

/* Begin XCConfigurationList section */
		7B09B33A1ED558B300631822 /* Build configuration list for PBXProject "Vinayaka" */ = {
			isa = XCConfigurationList;
			buildConfigurations = (
				7B09B36D1ED558B300631822 /* Debug */,
				7B09B36E1ED558B300631822 /* Release */,
			);
			defaultConfigurationIsVisible = 0;
			defaultConfigurationName = Release;
		};
		7B09B36F1ED558B400631822 /* Build configuration list for PBXNativeTarget "Vinayaka" */ = {
			isa = XCConfigurationList;
			buildConfigurations = (
				7B09B3701ED558B400631822 /* Debug */,
				7B09B3711ED558B400631822 /* Release */,
			);
			defaultConfigurationIsVisible = 0;
		};
		7B09B3721ED558B400631822 /* Build configuration list for PBXNativeTarget "VinayakaTests" */ = {
			isa = XCConfigurationList;
			buildConfigurations = (
				7B09B3731ED558B400631822 /* Debug */,
				7B09B3741ED558B400631822 /* Release */,
			);
			defaultConfigurationIsVisible = 0;
		};
		7B09B3751ED558B400631822 /* Build configuration list for PBXNativeTarget "VinayakaUITests" */ = {
			isa = XCConfigurationList;
			buildConfigurations = (
				7B09B3761ED558B400631822 /* Debug */,
				7B09B3771ED558B400631822 /* Release */,
			);
			defaultConfigurationIsVisible = 0;
		};
/* End XCConfigurationList section */

/* Begin XCVersionGroup section */
		7B09B34E1ED558B300631822 /* Vinayaka.xcdatamodeld */ = {
			isa = XCVersionGroup;
			children = (
				7B09B34F1ED558B300631822 /* Vinayaka.xcdatamodel */,
			);
			currentVersion = 7B09B34F1ED558B300631822 /* Vinayaka.xcdatamodel */;
			path = Vinayaka.xcdatamodeld;
			sourceTree = "<group>";
			versionGroupType = wrapper.xcdatamodel;
		};
/* End XCVersionGroup section */
	};
	rootObject = 7B09B3371ED558B300631822 /* Project object */;
}
